// !$*UTF8*$!
{
	archiveVersion = 1;
	classes = {
	};
	objectVersion = 46;
	objects = {

/* Begin PBXBuildFile section */
		3B09DA4A1DD1A96100B6FF04 /* main.m in Sources */ = {isa = PBXBuildFile; fileRef = 3B09DA491DD1A96100B6FF04 /* main.m */; };
		3B09DA4D1DD1A96100B6FF04 /* AppDelegate.m in Sources */ = {isa = PBXBuildFile; fileRef = 3B09DA4C1DD1A96100B6FF04 /* AppDelegate.m */; };
		3B09DA501DD1A96100B6FF04 /* LoginViewController.m in Sources */ = {isa = PBXBuildFile; fileRef = 3B09DA4F1DD1A96100B6FF04 /* LoginViewController.m */; };
		3B09DA531DD1A96100B6FF04 /* Main.storyboard in Resources */ = {isa = PBXBuildFile; fileRef = 3B09DA511DD1A96100B6FF04 /* Main.storyboard */; };
		3B09DA551DD1A96100B6FF04 /* Assets.xcassets in Resources */ = {isa = PBXBuildFile; fileRef = 3B09DA541DD1A96100B6FF04 /* Assets.xcassets */; };
		3B09DA581DD1A96100B6FF04 /* LaunchScreen.storyboard in Resources */ = {isa = PBXBuildFile; fileRef = 3B09DA561DD1A96100B6FF04 /* LaunchScreen.storyboard */; };
		3B09DA641DD1AA2400B6FF04 /* ServerCommunication.m in Sources */ = {isa = PBXBuildFile; fileRef = 3B09DA631DD1AA2400B6FF04 /* ServerCommunication.m */; };
		3B09DA671DD1AB0000B6FF04 /* CommunicationManager.m in Sources */ = {isa = PBXBuildFile; fileRef = 3B09DA661DD1AB0000B6FF04 /* CommunicationManager.m */; };
		3B441C821DD1B36300521D79 /* JSONBuilder.m in Sources */ = {isa = PBXBuildFile; fileRef = 3B441C811DD1B36300521D79 /* JSONBuilder.m */; };
		3B441C861DD1B86800521D79 /* Prescription.m in Sources */ = {isa = PBXBuildFile; fileRef = 3B441C851DD1B86800521D79 /* Prescription.m */; };
		3B441C8E1DD1D06400521D79 /* Utility.m in Sources */ = {isa = PBXBuildFile; fileRef = 3B441C8D1DD1D06400521D79 /* Utility.m */; };
		3B441C941DD1D44D00521D79 /* NSString+EmailValidation.m in Sources */ = {isa = PBXBuildFile; fileRef = 3B441C931DD1D44D00521D79 /* NSString+EmailValidation.m */; };
		3B441C971DD1DEF900521D79 /* PrescriptionViewController.m in Sources */ = {isa = PBXBuildFile; fileRef = 3B441C961DD1DEF900521D79 /* PrescriptionViewController.m */; };
/* End PBXBuildFile section */

/* Begin PBXFileReference section */
		3B09DA451DD1A96100B6FF04 /* Pharmacy.app */ = {isa = PBXFileReference; explicitFileType = wrapper.application; includeInIndex = 0; path = Pharmacy.app; sourceTree = BUILT_PRODUCTS_DIR; };
		3B09DA491DD1A96100B6FF04 /* main.m */ = {isa = PBXFileReference; lastKnownFileType = sourcecode.c.objc; path = main.m; sourceTree = "<group>"; };
		3B09DA4B1DD1A96100B6FF04 /* AppDelegate.h */ = {isa = PBXFileReference; lastKnownFileType = sourcecode.c.h; path = AppDelegate.h; sourceTree = "<group>"; };
		3B09DA4C1DD1A96100B6FF04 /* AppDelegate.m */ = {isa = PBXFileReference; lastKnownFileType = sourcecode.c.objc; path = AppDelegate.m; sourceTree = "<group>"; };
		3B09DA4E1DD1A96100B6FF04 /* LoginViewController.h */ = {isa = PBXFileReference; lastKnownFileType = sourcecode.c.h; path = LoginViewController.h; sourceTree = "<group>"; };
		3B09DA4F1DD1A96100B6FF04 /* LoginViewController.m */ = {isa = PBXFileReference; lastKnownFileType = sourcecode.c.objc; path = LoginViewController.m; sourceTree = "<group>"; };
		3B09DA521DD1A96100B6FF04 /* Base */ = {isa = PBXFileReference; lastKnownFileType = file.storyboard; name = Base; path = Base.lproj/Main.storyboard; sourceTree = "<group>"; };
		3B09DA541DD1A96100B6FF04 /* Assets.xcassets */ = {isa = PBXFileReference; lastKnownFileType = folder.assetcatalog; path = Assets.xcassets; sourceTree = "<group>"; };
		3B09DA571DD1A96100B6FF04 /* Base */ = {isa = PBXFileReference; lastKnownFileType = file.storyboard; name = Base; path = Base.lproj/LaunchScreen.storyboard; sourceTree = "<group>"; };
		3B09DA591DD1A96100B6FF04 /* Info.plist */ = {isa = PBXFileReference; lastKnownFileType = text.plist.xml; path = Info.plist; sourceTree = "<group>"; };
		3B09DA621DD1AA2400B6FF04 /* ServerCommunication.h */ = {isa = PBXFileReference; fileEncoding = 4; lastKnownFileType = sourcecode.c.h; path = ServerCommunication.h; sourceTree = "<group>"; };
		3B09DA631DD1AA2400B6FF04 /* ServerCommunication.m */ = {isa = PBXFileReference; fileEncoding = 4; lastKnownFileType = sourcecode.c.objc; path = ServerCommunication.m; sourceTree = "<group>"; };
		3B09DA651DD1AB0000B6FF04 /* CommunicationManager.h */ = {isa = PBXFileReference; fileEncoding = 4; lastKnownFileType = sourcecode.c.h; path = CommunicationManager.h; sourceTree = "<group>"; };
		3B09DA661DD1AB0000B6FF04 /* CommunicationManager.m */ = {isa = PBXFileReference; fileEncoding = 4; lastKnownFileType = sourcecode.c.objc; path = CommunicationManager.m; sourceTree = "<group>"; };
		3B441C801DD1B36300521D79 /* JSONBuilder.h */ = {isa = PBXFileReference; fileEncoding = 4; lastKnownFileType = sourcecode.c.h; path = JSONBuilder.h; sourceTree = "<group>"; };
		3B441C811DD1B36300521D79 /* JSONBuilder.m */ = {isa = PBXFileReference; fileEncoding = 4; lastKnownFileType = sourcecode.c.objc; path = JSONBuilder.m; sourceTree = "<group>"; };
		3B441C841DD1B86800521D79 /* Prescription.h */ = {isa = PBXFileReference; fileEncoding = 4; lastKnownFileType = sourcecode.c.h; path = Prescription.h; sourceTree = "<group>"; };
		3B441C851DD1B86800521D79 /* Prescription.m */ = {isa = PBXFileReference; fileEncoding = 4; lastKnownFileType = sourcecode.c.objc; path = Prescription.m; sourceTree = "<group>"; };
		3B441C8B1DD1CE7F00521D79 /* Constant.h */ = {isa = PBXFileReference; lastKnownFileType = sourcecode.c.h; path = Constant.h; sourceTree = "<group>"; };
		3B441C8C1DD1D06400521D79 /* Utility.h */ = {isa = PBXFileReference; fileEncoding = 4; lastKnownFileType = sourcecode.c.h; path = Utility.h; sourceTree = "<group>"; };
		3B441C8D1DD1D06400521D79 /* Utility.m */ = {isa = PBXFileReference; fileEncoding = 4; lastKnownFileType = sourcecode.c.objc; path = Utility.m; sourceTree = "<group>"; };
		3B441C921DD1D44D00521D79 /* NSString+EmailValidation.h */ = {isa = PBXFileReference; fileEncoding = 4; lastKnownFileType = sourcecode.c.h; path = "NSString+EmailValidation.h"; sourceTree = "<group>"; };
		3B441C931DD1D44D00521D79 /* NSString+EmailValidation.m */ = {isa = PBXFileReference; fileEncoding = 4; lastKnownFileType = sourcecode.c.objc; path = "NSString+EmailValidation.m"; sourceTree = "<group>"; };
		3B441C951DD1DEF900521D79 /* PrescriptionViewController.h */ = {isa = PBXFileReference; fileEncoding = 4; lastKnownFileType = sourcecode.c.h; path = PrescriptionViewController.h; sourceTree = "<group>"; };
		3B441C961DD1DEF900521D79 /* PrescriptionViewController.m */ = {isa = PBXFileReference; fileEncoding = 4; lastKnownFileType = sourcecode.c.objc; path = PrescriptionViewController.m; sourceTree = "<group>"; };
/* End PBXFileReference section */

/* Begin PBXFrameworksBuildPhase section */
		3B09DA421DD1A96100B6FF04 /* Frameworks */ = {
			isa = PBXFrameworksBuildPhase;
			buildActionMask = 2147483647;
			files = (
			);
			runOnlyForDeploymentPostprocessing = 0;
		};
/* End PBXFrameworksBuildPhase section */

/* Begin PBXGroup section */
		3B09DA3C1DD1A96100B6FF04 = {
			isa = PBXGroup;
			children = (
				3B09DA471DD1A96100B6FF04 /* Pharmacy */,
				3B09DA461DD1A96100B6FF04 /* Products */,
			);
			sourceTree = "<group>";
		};
		3B09DA461DD1A96100B6FF04 /* Products */ = {
			isa = PBXGroup;
			children = (
				3B09DA451DD1A96100B6FF04 /* Pharmacy.app */,
			);
			name = Products;
			sourceTree = "<group>";
		};
		3B09DA471DD1A96100B6FF04 /* Pharmacy */ = {
			isa = PBXGroup;
			children = (
				3B441C9B1DD1FA8900521D79 /* View Controllers */,
				3B441C9A1DD1FA7700521D79 /* App delegate */,
				3B441C991DD1FA5900521D79 /* JSON Builder */,
				3B441C8B1DD1CE7F00521D79 /* Constant.h */,
				3B441C981DD1FA3E00521D79 /* Util */,
				3B441C831DD1B83000521D79 /* Model */,
				3B09DA5F1DD1A97800B6FF04 /* Communication */,
				3B09DA511DD1A96100B6FF04 /* Main.storyboard */,
				3B09DA541DD1A96100B6FF04 /* Assets.xcassets */,
				3B09DA561DD1A96100B6FF04 /* LaunchScreen.storyboard */,
				3B09DA591DD1A96100B6FF04 /* Info.plist */,
				3B09DA481DD1A96100B6FF04 /* Supporting Files */,
				3B441C921DD1D44D00521D79 /* NSString+EmailValidation.h */,
				3B441C931DD1D44D00521D79 /* NSString+EmailValidation.m */,
			);
			path = Pharmacy;
			sourceTree = "<group>";
		};
		3B09DA481DD1A96100B6FF04 /* Supporting Files */ = {
			isa = PBXGroup;
			children = (
				3B09DA491DD1A96100B6FF04 /* main.m */,
			);
			name = "Supporting Files";
			sourceTree = "<group>";
		};
		3B09DA5F1DD1A97800B6FF04 /* Communication */ = {
			isa = PBXGroup;
			children = (
				3B09DA621DD1AA2400B6FF04 /* ServerCommunication.h */,
				3B09DA631DD1AA2400B6FF04 /* ServerCommunication.m */,
				3B09DA651DD1AB0000B6FF04 /* CommunicationManager.h */,
				3B09DA661DD1AB0000B6FF04 /* CommunicationManager.m */,
			);
			name = Communication;
			sourceTree = "<group>";
		};
		3B441C831DD1B83000521D79 /* Model */ = {
			isa = PBXGroup;
			children = (
				3B441C841DD1B86800521D79 /* Prescription.h */,
				3B441C851DD1B86800521D79 /* Prescription.m */,
			);
			name = Model;
			sourceTree = "<group>";
		};
		3B441C981DD1FA3E00521D79 /* Util */ = {
			isa = PBXGroup;
			children = (
				3B441C8C1DD1D06400521D79 /* Utility.h */,
				3B441C8D1DD1D06400521D79 /* Utility.m */,
			);
			name = Util;
			sourceTree = "<group>";
		};
		3B441C991DD1FA5900521D79 /* JSON Builder */ = {
			isa = PBXGroup;
			children = (
				3B441C801DD1B36300521D79 /* JSONBuilder.h */,
				3B441C811DD1B36300521D79 /* JSONBuilder.m */,
			);
			name = "JSON Builder";
			sourceTree = "<group>";
		};
		3B441C9A1DD1FA7700521D79 /* App delegate */ = {
			isa = PBXGroup;
			children = (
				3B09DA4B1DD1A96100B6FF04 /* AppDelegate.h */,
				3B09DA4C1DD1A96100B6FF04 /* AppDelegate.m */,
			);
			name = "App delegate";
			sourceTree = "<group>";
		};
		3B441C9B1DD1FA8900521D79 /* View Controllers */ = {
			isa = PBXGroup;
			children = (
				3B09DA4E1DD1A96100B6FF04 /* LoginViewController.h */,
				3B09DA4F1DD1A96100B6FF04 /* LoginViewController.m */,
				3B441C951DD1DEF900521D79 /* PrescriptionViewController.h */,
				3B441C961DD1DEF900521D79 /* PrescriptionViewController.m */,
			);
			name = "View Controllers";
			sourceTree = "<group>";
		};
/* End PBXGroup section */

/* Begin PBXNativeTarget section */
		3B09DA441DD1A96100B6FF04 /* Pharmacy */ = {
			isa = PBXNativeTarget;
			buildConfigurationList = 3B09DA5C1DD1A96100B6FF04 /* Build configuration list for PBXNativeTarget "Pharmacy" */;
			buildPhases = (
				3B09DA411DD1A96100B6FF04 /* Sources */,
				3B09DA421DD1A96100B6FF04 /* Frameworks */,
				3B09DA431DD1A96100B6FF04 /* Resources */,
			);
			buildRules = (
			);
			dependencies = (
			);
			name = Pharmacy;
			productName = Pharmacy;
			productReference = 3B09DA451DD1A96100B6FF04 /* Pharmacy.app */;
			productType = "com.apple.product-type.application";
		};
/* End PBXNativeTarget section */

/* Begin PBXProject section */
		3B09DA3D1DD1A96100B6FF04 /* Project object */ = {
			isa = PBXProject;
			attributes = {
				LastUpgradeCheck = 0730;
				ORGANIZATIONNAME = Walmart;
				TargetAttributes = {
					3B09DA441DD1A96100B6FF04 = {
						CreatedOnToolsVersion = 7.3.1;
					};
				};
			};
			buildConfigurationList = 3B09DA401DD1A96100B6FF04 /* Build configuration list for PBXProject "Pharmacy" */;
			compatibilityVersion = "Xcode 3.2";
			developmentRegion = English;
			hasScannedForEncodings = 0;
			knownRegions = (
				en,
				Base,
			);
			mainGroup = 3B09DA3C1DD1A96100B6FF04;
			productRefGroup = 3B09DA461DD1A96100B6FF04 /* Products */;
			projectDirPath = "";
			projectRoot = "";
			targets = (
				3B09DA441DD1A96100B6FF04 /* Pharmacy */,
			);
		};
/* End PBXProject section */

/* Begin PBXResourcesBuildPhase section */
		3B09DA431DD1A96100B6FF04 /* Resources */ = {
			isa = PBXResourcesBuildPhase;
			buildActionMask = 2147483647;
			files = (
				3B09DA581DD1A96100B6FF04 /* LaunchScreen.storyboard in Resources */,
				3B09DA551DD1A96100B6FF04 /* Assets.xcassets in Resources */,
				3B09DA531DD1A96100B6FF04 /* Main.storyboard in Resources */,
			);
			runOnlyForDeploymentPostprocessing = 0;
		};
/* End PBXResourcesBuildPhase section */

/* Begin PBXSourcesBuildPhase section */
		3B09DA411DD1A96100B6FF04 /* Sources */ = {
			isa = PBXSourcesBuildPhase;
			buildActionMask = 2147483647;
			files = (
				3B441C8E1DD1D06400521D79 /* Utility.m in Sources */,
				3B441C941DD1D44D00521D79 /* NSString+EmailValidation.m in Sources */,
				3B441C971DD1DEF900521D79 /* PrescriptionViewController.m in Sources */,
				3B09DA671DD1AB0000B6FF04 /* CommunicationManager.m in Sources */,
				3B441C821DD1B36300521D79 /* JSONBuilder.m in Sources */,
				3B09DA501DD1A96100B6FF04 /* LoginViewController.m in Sources */,
				3B09DA641DD1AA2400B6FF04 /* ServerCommunication.m in Sources */,
				3B09DA4D1DD1A96100B6FF04 /* AppDelegate.m in Sources */,
				3B09DA4A1DD1A96100B6FF04 /* main.m in Sources */,
				3B441C861DD1B86800521D79 /* Prescription.m in Sources */,
			);
			runOnlyForDeploymentPostprocessing = 0;
		};
/* End PBXSourcesBuildPhase section */

/* Begin PBXVariantGroup section */
		3B09DA511DD1A96100B6FF04 /* Main.storyboard */ = {
			isa = PBXVariantGroup;
			children = (
				3B09DA521DD1A96100B6FF04 /* Base */,
			);
			name = Main.storyboard;
			sourceTree = "<group>";
		};
		3B09DA561DD1A96100B6FF04 /* LaunchScreen.storyboard */ = {
			isa = PBXVariantGroup;
			children = (
				3B09DA571DD1A96100B6FF04 /* Base */,
			);
			name = LaunchScreen.storyboard;
			sourceTree = "<group>";
		};
/* End PBXVariantGroup section */

/* Begin XCBuildConfiguration section */
		3B09DA5A1DD1A96100B6FF04 /* Debug */ = {
			isa = XCBuildConfiguration;
			buildSettings = {
				ALWAYS_SEARCH_USER_PATHS = NO;
				CLANG_ANALYZER_NONNULL = YES;
				CLANG_CXX_LANGUAGE_STANDARD = "gnu++0x";
				CLANG_CXX_LIBRARY = "libc++";
				CLANG_ENABLE_MODULES = YES;
				CLANG_ENABLE_OBJC_ARC = YES;
				CLANG_WARN_BOOL_CONVERSION = YES;
				CLANG_WARN_CONSTANT_CONVERSION = YES;
				CLANG_WARN_DIRECT_OBJC_ISA_USAGE = YES_ERROR;
				CLANG_WARN_EMPTY_BODY = YES;
				CLANG_WARN_ENUM_CONVERSION = YES;
				CLANG_WARN_INT_CONVERSION = YES;
				CLANG_WARN_OBJC_ROOT_CLASS = YES_ERROR;
				CLANG_WARN_UNREACHABLE_CODE = YES;
				CLANG_WARN__DUPLICATE_METHOD_MATCH = YES;
				"CODE_SIGN_IDENTITY[sdk=iphoneos*]" = "iPhone Developer";
				COPY_PHASE_STRIP = NO;
				DEBUG_INFORMATION_FORMAT = dwarf;
				ENABLE_STRICT_OBJC_MSGSEND = YES;
				ENABLE_TESTABILITY = YES;
				GCC_C_LANGUAGE_STANDARD = gnu99;
				GCC_DYNAMIC_NO_PIC = NO;
				GCC_NO_COMMON_BLOCKS = YES;
				GCC_OPTIMIZATION_LEVEL = 0;
				GCC_PREPROCESSOR_DEFINITIONS = (
					"DEBUG=1",
					"$(inherited)",
				);
				GCC_WARN_64_TO_32_BIT_CONVERSION = YES;
				GCC_WARN_ABOUT_RETURN_TYPE = YES_ERROR;
				GCC_WARN_UNDECLARED_SELECTOR = YES;
				GCC_WARN_UNINITIALIZED_AUTOS = YES_AGGRESSIVE;
				GCC_WARN_UNUSED_FUNCTION = YES;
				GCC_WARN_UNUSED_VARIABLE = YES;
				IPHONEOS_DEPLOYMENT_TARGET = 9.3;
				MTL_ENABLE_DEBUG_INFO = YES;
				ONLY_ACTIVE_ARCH = YES;
				SDKROOT = iphoneos;
			};
			name = Debug;
		};
		3B09DA5B1DD1A96100B6FF04 /* Release */ = {
			isa = XCBuildConfiguration;
			buildSettings = {
				ALWAYS_SEARCH_USER_PATHS = NO;
				CLANG_ANALYZER_NONNULL = YES;
				CLANG_CXX_LANGUAGE_STANDARD = "gnu++0x";
				CLANG_CXX_LIBRARY = "libc++";
				CLANG_ENABLE_MODULES = YES;
				CLANG_ENABLE_OBJC_ARC = YES;
				CLANG_WARN_BOOL_CONVERSION = YES;
				CLANG_WARN_CONSTANT_CONVERSION = YES;
				CLANG_WARN_DIRECT_OBJC_ISA_USAGE = YES_ERROR;
				CLANG_WARN_EMPTY_BODY = YES;
				CLANG_WARN_ENUM_CONVERSION = YES;
				CLANG_WARN_INT_CONVERSION = YES;
				CLANG_WARN_OBJC_ROOT_CLASS = YES_ERROR;
				CLANG_WARN_UNREACHABLE_CODE = YES;
				CLANG_WARN__DUPLICATE_METHOD_MATCH = YES;
				"CODE_SIGN_IDENTITY[sdk=iphoneos*]" = "iPhone Developer";
				COPY_PHASE_STRIP = NO;
				DEBUG_INFORMATION_FORMAT = "dwarf-with-dsym";
				ENABLE_NS_ASSERTIONS = NO;
				ENABLE_STRICT_OBJC_MSGSEND = YES;
				GCC_C_LANGUAGE_STANDARD = gnu99;
				GCC_NO_COMMON_BLOCKS = YES;
				GCC_WARN_64_TO_32_BIT_CONVERSION = YES;
				GCC_WARN_ABOUT_RETURN_TYPE = YES_ERROR;
				GCC_WARN_UNDECLARED_SELECTOR = YES;
				GCC_WARN_UNINITIALIZED_AUTOS = YES_AGGRESSIVE;
				GCC_WARN_UNUSED_FUNCTION = YES;
				GCC_WARN_UNUSED_VARIABLE = YES;
				IPHONEOS_DEPLOYMENT_TARGET = 9.3;
				MTL_ENABLE_DEBUG_INFO = NO;
				SDKROOT = iphoneos;
				VALIDATE_PRODUCT = YES;
			};
			name = Release;
		};
		3B09DA5D1DD1A96100B6FF04 /* Debug */ = {
			isa = XCBuildConfiguration;
			buildSettings = {
				ASSETCATALOG_COMPILER_APPICON_NAME = AppIcon;
				INFOPLIST_FILE = Pharmacy/Info.plist;
				LD_RUNPATH_SEARCH_PATHS = "$(inherited) @executable_path/Frameworks";
				PRODUCT_BUNDLE_IDENTIFIER = com.walmart.iOS.Pharmacy;
				PRODUCT_NAME = "$(TARGET_NAME)";
			};
			name = Debug;
		};
		3B09DA5E1DD1A96100B6FF04 /* Release */ = {
			isa = XCBuildConfiguration;
			buildSettings = {
				ASSETCATALOG_COMPILER_APPICON_NAME = AppIcon;
				INFOPLIST_FILE = Pharmacy/Info.plist;
				LD_RUNPATH_SEARCH_PATHS = "$(inherited) @executable_path/Frameworks";
				PRODUCT_BUNDLE_IDENTIFIER = com.walmart.iOS.Pharmacy;
				PRODUCT_NAME = "$(TARGET_NAME)";
			};
			name = Release;
		};
/* End XCBuildConfiguration section */

/* Begin XCConfigurationList section */
		3B09DA401DD1A96100B6FF04 /* Build configuration list for PBXProject "Pharmacy" */ = {
			isa = XCConfigurationList;
			buildConfigurations = (
				3B09DA5A1DD1A96100B6FF04 /* Debug */,
				3B09DA5B1DD1A96100B6FF04 /* Release */,
			);
			defaultConfigurationIsVisible = 0;
			defaultConfigurationName = Release;
		};
		3B09DA5C1DD1A96100B6FF04 /* Build configuration list for PBXNativeTarget "Pharmacy" */ = {
			isa = XCConfigurationList;
			buildConfigurations = (
				3B09DA5D1DD1A96100B6FF04 /* Debug */,
				3B09DA5E1DD1A96100B6FF04 /* Release */,
			);
			defaultConfigurationIsVisible = 0;
			defaultConfigurationName = Release;
		};
/* End XCConfigurationList section */
	};
	rootObject = 3B09DA3D1DD1A96100B6FF04 /* Project object */;
}
